
Microsoft Visual Studio Solution File, Format Version 12.00
# Visual Studio Version 17
VisualStudioVersion = 17.10.35027.167
MinimumVisualStudioVersion = 10.0.40219.1
Project("{FAE04EC0-301F-11D3-BF4B-00C04F79EFBC}") = "EnverSoft2", "EnverSoft2\EnverSoft2.csproj", "{B2DFE932-1903-42EF-B755-A52ECA7AE263}"
EndProject
Project("{FAE04EC0-301F-11D3-BF4B-00C04F79EFBC}") = "EnverSoft2.Tests", "EnverSoft2.Tests\EnverSoft2.Tests.csproj", "{D188DEAE-2A11-49C8-98F2-1D849541D6F7}"
EndProject
Global
	GlobalSection(SolutionConfigurationPlatforms) = preSolution
		Debug|Any CPU = Debug|Any CPU
		Release|Any CPU = Release|Any CPU
	EndGlobalSection
	GlobalSection(ProjectConfigurationPlatforms) = postSolution
		{B2DFE932-1903-42EF-B755-A52ECA7AE263}.Debug|Any CPU.ActiveCfg = Debug|Any CPU
		{B2DFE932-1903-42EF-B755-A52ECA7AE263}.Debug|Any CPU.Build.0 = Debug|Any CPU
		{B2DFE932-1903-42EF-B755-A52ECA7AE263}.Release|Any CPU.ActiveCfg = Release|Any CPU
		{B2DFE932-1903-42EF-B755-A52ECA7AE263}.Release|Any CPU.Build.0 = Release|Any CPU
		{D188DEAE-2A11-49C8-98F2-1D849541D6F7}.Debug|Any CPU.ActiveCfg = Debug|Any CPU
		{D188DEAE-2A11-49C8-98F2-1D849541D6F7}.Debug|Any CPU.Build.0 = Debug|Any CPU
		{D188DEAE-2A11-49C8-98F2-1D849541D6F7}.Release|Any CPU.ActiveCfg = Release|Any CPU
		{D188DEAE-2A11-49C8-98F2-1D849541D6F7}.Release|Any CPU.Build.0 = Release|Any CPU
	EndGlobalSection
	GlobalSection(SolutionProperties) = preSolution
		HideSolutionNode = FALSE
	EndGlobalSection
	GlobalSection(ExtensibilityGlobals) = postSolution
		SolutionGuid = {CB372A90-55F6-4ACB-8727-D40822F61F96}
	EndGlobalSection
EndGlobal
